
Microsoft Visual Studio Solution File, Format Version 12.00
# Visual Studio Version 17
VisualStudioVersion = 17.9.34714.143
MinimumVisualStudioVersion = 10.0.40219.1
Project("{9A19103F-16F7-4668-BE54-9A1E7A4F7556}") = "GUIL", "GUILinkedList\GUIL.csproj", "{D10BB0C7-517D-416C-BBBD-8DDA1F81DEB5}"
EndProject
Global
	GlobalSection(SolutionConfigurationPlatforms) = preSolution
		Debug|Any CPU = Debug|Any CPU
		Release|Any CPU = Release|Any CPU
	EndGlobalSection
	GlobalSection(ProjectConfigurationPlatforms) = postSolution
		{D10BB0C7-517D-416C-BBBD-8DDA1F81DEB5}.Debug|Any CPU.ActiveCfg = Debug|Any CPU
		{D10BB0C7-517D-416C-BBBD-8DDA1F81DEB5}.Debug|Any CPU.Build.0 = Debug|Any CPU
		{D10BB0C7-517D-416C-BBBD-8DDA1F81DEB5}.Release|Any CPU.ActiveCfg = Release|Any CPU
		{D10BB0C7-517D-416C-BBBD-8DDA1F81DEB5}.Release|Any CPU.Build.0 = Release|Any CPU
	EndGlobalSection
	GlobalSection(SolutionProperties) = preSolution
		HideSolutionNode = FALSE
	EndGlobalSection
	GlobalSection(ExtensibilityGlobals) = postSolution
		SolutionGuid = {D78F94C0-E1DE-4873-8C88-14664CCD976C}
	EndGlobalSection
EndGlobal
